// !$*UTF8*$!
{
	archiveVersion = 1;
	classes = {
	};
	objectVersion = 56;
	objects = {

/* Begin PBXBuildFile section */
		6A34A3731E2454202C320721 /* Pods_todolist.framework in Frameworks */ = {isa = PBXBuildFile; fileRef = A0A8E4FA80918F69BC6AD248 /* Pods_todolist.framework */; };
		9415F8912BF4691100156042 /* BottomCustomPopup.swift in Sources */ = {isa = PBXBuildFile; fileRef = 9415F8902BF4691100156042 /* BottomCustomPopup.swift */; };
		9415F8952BF46DD700156042 /* CenterCustomPopup.swift in Sources */ = {isa = PBXBuildFile; fileRef = 9415F8942BF46DD700156042 /* CenterCustomPopup.swift */; };
		9415F8982BF48D0A00156042 /* CustomAlertTextField.swift in Sources */ = {isa = PBXBuildFile; fileRef = 9415F8972BF48D0A00156042 /* CustomAlertTextField.swift */; };
		9415F89A2BF497EC00156042 /* View+Extension.swift in Sources */ = {isa = PBXBuildFile; fileRef = 9415F8992BF497EC00156042 /* View+Extension.swift */; };
		9415F89C2BF4A32C00156042 /* Color+Extension.swift in Sources */ = {isa = PBXBuildFile; fileRef = 9415F89B2BF4A32C00156042 /* Color+Extension.swift */; };
		94460C792BF44F1C002BE842 /* TodoListViewModel.swift in Sources */ = {isa = PBXBuildFile; fileRef = 94460C782BF44F1C002BE842 /* TodoListViewModel.swift */; };
		944FDFAB2BF45B6700905100 /* TodoListView.swift in Sources */ = {isa = PBXBuildFile; fileRef = 944FDFAA2BF45B6700905100 /* TodoListView.swift */; };
		944FDFB22BF45CA000905100 /* DetailView.swift in Sources */ = {isa = PBXBuildFile; fileRef = 944FDFB12BF45CA000905100 /* DetailView.swift */; };
		946D0CAB2BF1C202005AAB40 /* ToDoApp.swift in Sources */ = {isa = PBXBuildFile; fileRef = 946D0CAA2BF1C202005AAB40 /* ToDoApp.swift */; };
		946D0CAF2BF1C203005AAB40 /* Assets.xcassets in Resources */ = {isa = PBXBuildFile; fileRef = 946D0CAE2BF1C203005AAB40 /* Assets.xcassets */; };
		946D0CB22BF1C203005AAB40 /* Preview Assets.xcassets in Resources */ = {isa = PBXBuildFile; fileRef = 946D0CB12BF1C203005AAB40 /* Preview Assets.xcassets */; };
		946D0CBA2BF1EEE7005AAB40 /* ToDoItemView.swift in Sources */ = {isa = PBXBuildFile; fileRef = 946D0CB92BF1EEE7005AAB40 /* ToDoItemView.swift */; };
		946D0CBD2BF1F79C005AAB40 /* ToDoItemModel.swift in Sources */ = {isa = PBXBuildFile; fileRef = 946D0CBC2BF1F79C005AAB40 /* ToDoItemModel.swift */; };
/* End PBXBuildFile section */

/* Begin PBXFileReference section */
		9415F8902BF4691100156042 /* BottomCustomPopup.swift */ = {isa = PBXFileReference; lastKnownFileType = sourcecode.swift; path = BottomCustomPopup.swift; sourceTree = "<group>"; };
		9415F8942BF46DD700156042 /* CenterCustomPopup.swift */ = {isa = PBXFileReference; lastKnownFileType = sourcecode.swift; path = CenterCustomPopup.swift; sourceTree = "<group>"; };
		9415F8972BF48D0A00156042 /* CustomAlertTextField.swift */ = {isa = PBXFileReference; lastKnownFileType = sourcecode.swift; path = CustomAlertTextField.swift; sourceTree = "<group>"; };
		9415F8992BF497EC00156042 /* View+Extension.swift */ = {isa = PBXFileReference; lastKnownFileType = sourcecode.swift; path = "View+Extension.swift"; sourceTree = "<group>"; };
		9415F89B2BF4A32C00156042 /* Color+Extension.swift */ = {isa = PBXFileReference; lastKnownFileType = sourcecode.swift; path = "Color+Extension.swift"; sourceTree = "<group>"; };
		94460C782BF44F1C002BE842 /* TodoListViewModel.swift */ = {isa = PBXFileReference; lastKnownFileType = sourcecode.swift; path = TodoListViewModel.swift; sourceTree = "<group>"; };
		944FDFAA2BF45B6700905100 /* TodoListView.swift */ = {isa = PBXFileReference; lastKnownFileType = sourcecode.swift; path = TodoListView.swift; sourceTree = "<group>"; };
		944FDFB12BF45CA000905100 /* DetailView.swift */ = {isa = PBXFileReference; lastKnownFileType = sourcecode.swift; path = DetailView.swift; sourceTree = "<group>"; };
		946D0CA72BF1C202005AAB40 /* todolist.app */ = {isa = PBXFileReference; explicitFileType = wrapper.application; includeInIndex = 0; path = todolist.app; sourceTree = BUILT_PRODUCTS_DIR; };
		946D0CAA2BF1C202005AAB40 /* ToDoApp.swift */ = {isa = PBXFileReference; lastKnownFileType = sourcecode.swift; path = ToDoApp.swift; sourceTree = "<group>"; };
		946D0CAE2BF1C203005AAB40 /* Assets.xcassets */ = {isa = PBXFileReference; lastKnownFileType = folder.assetcatalog; path = Assets.xcassets; sourceTree = "<group>"; };
		946D0CB12BF1C203005AAB40 /* Preview Assets.xcassets */ = {isa = PBXFileReference; lastKnownFileType = folder.assetcatalog; path = "Preview Assets.xcassets"; sourceTree = "<group>"; };
		946D0CB92BF1EEE7005AAB40 /* ToDoItemView.swift */ = {isa = PBXFileReference; lastKnownFileType = sourcecode.swift; path = ToDoItemView.swift; sourceTree = "<group>"; };
		946D0CBC2BF1F79C005AAB40 /* ToDoItemModel.swift */ = {isa = PBXFileReference; lastKnownFileType = sourcecode.swift; path = ToDoItemModel.swift; sourceTree = "<group>"; };
		A0A8E4FA80918F69BC6AD248 /* Pods_todolist.framework */ = {isa = PBXFileReference; explicitFileType = wrapper.framework; includeInIndex = 0; path = Pods_todolist.framework; sourceTree = BUILT_PRODUCTS_DIR; };
		D9116DCC6CC3C2DDE86CCAAC /* Pods-todolist.debug.xcconfig */ = {isa = PBXFileReference; includeInIndex = 1; lastKnownFileType = text.xcconfig; name = "Pods-todolist.debug.xcconfig"; path = "Target Support Files/Pods-todolist/Pods-todolist.debug.xcconfig"; sourceTree = "<group>"; };
		EA516DE57A206EABE267BA45 /* Pods-todolist.release.xcconfig */ = {isa = PBXFileReference; includeInIndex = 1; lastKnownFileType = text.xcconfig; name = "Pods-todolist.release.xcconfig"; path = "Target Support Files/Pods-todolist/Pods-todolist.release.xcconfig"; sourceTree = "<group>"; };
/* End PBXFileReference section */

/* Begin PBXFrameworksBuildPhase section */
		946D0CA42BF1C202005AAB40 /* Frameworks */ = {
			isa = PBXFrameworksBuildPhase;
			buildActionMask = 2147483647;
			files = (
				6A34A3731E2454202C320721 /* Pods_todolist.framework in Frameworks */,
			);
			runOnlyForDeploymentPostprocessing = 0;
		};
/* End PBXFrameworksBuildPhase section */

/* Begin PBXGroup section */
		41CDEA70FCBB61E6467666CF /* Frameworks */ = {
			isa = PBXGroup;
			children = (
				A0A8E4FA80918F69BC6AD248 /* Pods_todolist.framework */,
			);
			name = Frameworks;
			sourceTree = "<group>";
		};
		9415F8922BF46DBD00156042 /* Popup */ = {
			isa = PBXGroup;
			children = (
				9415F8902BF4691100156042 /* BottomCustomPopup.swift */,
				9415F8942BF46DD700156042 /* CenterCustomPopup.swift */,
			);
			path = Popup;
			sourceTree = "<group>";
		};
		9415F8962BF48CE200156042 /* Alert */ = {
			isa = PBXGroup;
			children = (
				9415F8972BF48D0A00156042 /* CustomAlertTextField.swift */,
			);
			path = Alert;
			sourceTree = "<group>";
		};
		94460C7A2BF44F34002BE842 /* Features */ = {
			isa = PBXGroup;
			children = (
				944FDFAD2BF45C0D00905100 /* Details */,
				944FDFA62BF45B0500905100 /* TodoListView */,
			);
			path = Features;
			sourceTree = "<group>";
		};
		944FDFA62BF45B0500905100 /* TodoListView */ = {
			isa = PBXGroup;
			children = (
				944FDFAA2BF45B6700905100 /* TodoListView.swift */,
				944FDFA92BF45B3C00905100 /* View */,
				944FDFA82BF45B3200905100 /* Model */,
				944FDFA72BF45B2700905100 /* ViewModel */,
			);
			path = TodoListView;
			sourceTree = "<group>";
		};
		944FDFA72BF45B2700905100 /* ViewModel */ = {
			isa = PBXGroup;
			children = (
				94460C782BF44F1C002BE842 /* TodoListViewModel.swift */,
			);
			path = ViewModel;
			sourceTree = "<group>";
		};
		944FDFA82BF45B3200905100 /* Model */ = {
			isa = PBXGroup;
			children = (
				946D0CBC2BF1F79C005AAB40 /* ToDoItemModel.swift */,
			);
			path = Model;
			sourceTree = "<group>";
		};
		944FDFA92BF45B3C00905100 /* View */ = {
			isa = PBXGroup;
			children = (
				944FDFAC2BF45B8800905100 /* CustomView */,
			);
			path = View;
			sourceTree = "<group>";
		};
		944FDFAC2BF45B8800905100 /* CustomView */ = {
			isa = PBXGroup;
			children = (
				946D0CB92BF1EEE7005AAB40 /* ToDoItemView.swift */,
			);
			path = CustomView;
			sourceTree = "<group>";
		};
		944FDFAD2BF45C0D00905100 /* Details */ = {
			isa = PBXGroup;
			children = (
				944FDFB02BF45C3700905100 /* Model */,
				944FDFAF2BF45C2F00905100 /* ViewModel */,
				944FDFAE2BF45C2500905100 /* View */,
				944FDFB12BF45CA000905100 /* DetailView.swift */,
			);
			path = Details;
			sourceTree = "<group>";
		};
		944FDFAE2BF45C2500905100 /* View */ = {
			isa = PBXGroup;
			children = (
			);
			path = View;
			sourceTree = "<group>";
		};
		944FDFAF2BF45C2F00905100 /* ViewModel */ = {
			isa = PBXGroup;
			children = (
			);
			path = ViewModel;
			sourceTree = "<group>";
		};
		944FDFB02BF45C3700905100 /* Model */ = {
			isa = PBXGroup;
			children = (
			);
			path = Model;
			sourceTree = "<group>";
		};
		944FDFB32BF45D3900905100 /* Utils */ = {
			isa = PBXGroup;
			children = (
				9415F8962BF48CE200156042 /* Alert */,
				9415F8922BF46DBD00156042 /* Popup */,
			);
			path = Utils;
			sourceTree = "<group>";
		};
		944FDFB42BF45D6F00905100 /* Cores */ = {
			isa = PBXGroup;
			children = (
			);
			path = Cores;
			sourceTree = "<group>";
		};
		944FDFB52BF45D8300905100 /* Extensions */ = {
			isa = PBXGroup;
			children = (
				9415F8992BF497EC00156042 /* View+Extension.swift */,
				9415F89B2BF4A32C00156042 /* Color+Extension.swift */,
			);
			path = Extensions;
			sourceTree = "<group>";
		};
		946D0C9E2BF1C202005AAB40 = {
			isa = PBXGroup;
			children = (
				946D0CA92BF1C202005AAB40 /* todolist */,
				946D0CA82BF1C202005AAB40 /* Products */,
				9A8E3984F99EA8A80F143676 /* Pods */,
				41CDEA70FCBB61E6467666CF /* Frameworks */,
			);
			sourceTree = "<group>";
		};
		946D0CA82BF1C202005AAB40 /* Products */ = {
			isa = PBXGroup;
			children = (
				946D0CA72BF1C202005AAB40 /* todolist.app */,
			);
			name = Products;
			sourceTree = "<group>";
		};
		946D0CA92BF1C202005AAB40 /* todolist */ = {
			isa = PBXGroup;
			children = (
				944FDFB52BF45D8300905100 /* Extensions */,
				944FDFB42BF45D6F00905100 /* Cores */,
				944FDFB32BF45D3900905100 /* Utils */,
				94460C7A2BF44F34002BE842 /* Features */,
				946D0CAA2BF1C202005AAB40 /* ToDoApp.swift */,
				946D0CAE2BF1C203005AAB40 /* Assets.xcassets */,
				946D0CB02BF1C203005AAB40 /* Preview Content */,
			);
			path = todolist;
			sourceTree = "<group>";
		};
		946D0CB02BF1C203005AAB40 /* Preview Content */ = {
			isa = PBXGroup;
			children = (
				946D0CB12BF1C203005AAB40 /* Preview Assets.xcassets */,
			);
			path = "Preview Content";
			sourceTree = "<group>";
		};
		9A8E3984F99EA8A80F143676 /* Pods */ = {
			isa = PBXGroup;
			children = (
				D9116DCC6CC3C2DDE86CCAAC /* Pods-todolist.debug.xcconfig */,
				EA516DE57A206EABE267BA45 /* Pods-todolist.release.xcconfig */,
			);
			path = Pods;
			sourceTree = "<group>";
		};
/* End PBXGroup section */

/* Begin PBXNativeTarget section */
		946D0CA62BF1C202005AAB40 /* todolist */ = {
			isa = PBXNativeTarget;
			buildConfigurationList = 946D0CB52BF1C203005AAB40 /* Build configuration list for PBXNativeTarget "todolist" */;
			buildPhases = (
				C88E422DAA1DB80B5FE952DA /* [CP] Check Pods Manifest.lock */,
				946D0CA32BF1C202005AAB40 /* Sources */,
				946D0CA42BF1C202005AAB40 /* Frameworks */,
				946D0CA52BF1C202005AAB40 /* Resources */,
				F2DC8F002A51043A64FF94B3 /* [CP] Embed Pods Frameworks */,
			);
			buildRules = (
			);
			dependencies = (
			);
			name = todolist;
			productName = todolist;
			productReference = 946D0CA72BF1C202005AAB40 /* todolist.app */;
			productType = "com.apple.product-type.application";
		};
/* End PBXNativeTarget section */

/* Begin PBXProject section */
		946D0C9F2BF1C202005AAB40 /* Project object */ = {
			isa = PBXProject;
			attributes = {
				BuildIndependentTargetsInParallel = 1;
				LastSwiftUpdateCheck = 1530;
				LastUpgradeCheck = 1530;
				TargetAttributes = {
					946D0CA62BF1C202005AAB40 = {
						CreatedOnToolsVersion = 15.3;
					};
				};
			};
			buildConfigurationList = 946D0CA22BF1C202005AAB40 /* Build configuration list for PBXProject "todolist" */;
			compatibilityVersion = "Xcode 14.0";
			developmentRegion = en;
			hasScannedForEncodings = 0;
			knownRegions = (
				en,
				Base,
			);
			mainGroup = 946D0C9E2BF1C202005AAB40;
			productRefGroup = 946D0CA82BF1C202005AAB40 /* Products */;
			projectDirPath = "";
			projectRoot = "";
			targets = (
				946D0CA62BF1C202005AAB40 /* todolist */,
			);
		};
/* End PBXProject section */

/* Begin PBXResourcesBuildPhase section */
		946D0CA52BF1C202005AAB40 /* Resources */ = {
			isa = PBXResourcesBuildPhase;
			buildActionMask = 2147483647;
			files = (
				946D0CB22BF1C203005AAB40 /* Preview Assets.xcassets in Resources */,
				946D0CAF2BF1C203005AAB40 /* Assets.xcassets in Resources */,
			);
			runOnlyForDeploymentPostprocessing = 0;
		};
/* End PBXResourcesBuildPhase section */

/* Begin PBXShellScriptBuildPhase section */
		C88E422DAA1DB80B5FE952DA /* [CP] Check Pods Manifest.lock */ = {
			isa = PBXShellScriptBuildPhase;
			buildActionMask = 2147483647;
			files = (
			);
			inputFileListPaths = (
			);
			inputPaths = (
				"${PODS_PODFILE_DIR_PATH}/Podfile.lock",
				"${PODS_ROOT}/Manifest.lock",
			);
			name = "[CP] Check Pods Manifest.lock";
			outputFileListPaths = (
			);
			outputPaths = (
				"$(DERIVED_FILE_DIR)/Pods-todolist-checkManifestLockResult.txt",
			);
			runOnlyForDeploymentPostprocessing = 0;
			shellPath = /bin/sh;
			shellScript = "diff \"${PODS_PODFILE_DIR_PATH}/Podfile.lock\" \"${PODS_ROOT}/Manifest.lock\" > /dev/null\nif [ $? != 0 ] ; then\n    # print error to STDERR\n    echo \"error: The sandbox is not in sync with the Podfile.lock. Run 'pod install' or update your CocoaPods installation.\" >&2\n    exit 1\nfi\n# This output is used by Xcode 'outputs' to avoid re-running this script phase.\necho \"SUCCESS\" > \"${SCRIPT_OUTPUT_FILE_0}\"\n";
			showEnvVarsInLog = 0;
		};
		F2DC8F002A51043A64FF94B3 /* [CP] Embed Pods Frameworks */ = {
			isa = PBXShellScriptBuildPhase;
			buildActionMask = 2147483647;
			files = (
			);
			inputFileListPaths = (
				"${PODS_ROOT}/Target Support Files/Pods-todolist/Pods-todolist-frameworks-${CONFIGURATION}-input-files.xcfilelist",
			);
			name = "[CP] Embed Pods Frameworks";
			outputFileListPaths = (
				"${PODS_ROOT}/Target Support Files/Pods-todolist/Pods-todolist-frameworks-${CONFIGURATION}-output-files.xcfilelist",
			);
			runOnlyForDeploymentPostprocessing = 0;
			shellPath = /bin/sh;
			shellScript = "\"${PODS_ROOT}/Target Support Files/Pods-todolist/Pods-todolist-frameworks.sh\"\n";
			showEnvVarsInLog = 0;
		};
/* End PBXShellScriptBuildPhase section */

/* Begin PBXSourcesBuildPhase section */
		946D0CA32BF1C202005AAB40 /* Sources */ = {
			isa = PBXSourcesBuildPhase;
			buildActionMask = 2147483647;
			files = (
				946D0CBA2BF1EEE7005AAB40 /* ToDoItemView.swift in Sources */,
				944FDFB22BF45CA000905100 /* DetailView.swift in Sources */,
				9415F89A2BF497EC00156042 /* View+Extension.swift in Sources */,
				9415F8952BF46DD700156042 /* CenterCustomPopup.swift in Sources */,
				9415F8982BF48D0A00156042 /* CustomAlertTextField.swift in Sources */,
				944FDFAB2BF45B6700905100 /* TodoListView.swift in Sources */,
				946D0CBD2BF1F79C005AAB40 /* ToDoItemModel.swift in Sources */,
				94460C792BF44F1C002BE842 /* TodoListViewModel.swift in Sources */,
				946D0CAB2BF1C202005AAB40 /* ToDoApp.swift in Sources */,
				9415F89C2BF4A32C00156042 /* Color+Extension.swift in Sources */,
				9415F8912BF4691100156042 /* BottomCustomPopup.swift in Sources */,
			);
			runOnlyForDeploymentPostprocessing = 0;
		};
/* End PBXSourcesBuildPhase section */

/* Begin XCBuildConfiguration section */
		946D0CB32BF1C203005AAB40 /* Debug */ = {
			isa = XCBuildConfiguration;
			buildSettings = {
				ALWAYS_SEARCH_USER_PATHS = NO;
				ASSETCATALOG_COMPILER_GENERATE_SWIFT_ASSET_SYMBOL_EXTENSIONS = YES;
				CLANG_ANALYZER_NONNULL = YES;
				CLANG_ANALYZER_NUMBER_OBJECT_CONVERSION = YES_AGGRESSIVE;
				CLANG_CXX_LANGUAGE_STANDARD = "gnu++20";
				CLANG_ENABLE_MODULES = YES;
				CLANG_ENABLE_OBJC_ARC = YES;
				CLANG_ENABLE_OBJC_WEAK = YES;
				CLANG_WARN_BLOCK_CAPTURE_AUTORELEASING = YES;
				CLANG_WARN_BOOL_CONVERSION = YES;
				CLANG_WARN_COMMA = YES;
				CLANG_WARN_CONSTANT_CONVERSION = YES;
				CLANG_WARN_DEPRECATED_OBJC_IMPLEMENTATIONS = YES;
				CLANG_WARN_DIRECT_OBJC_ISA_USAGE = YES_ERROR;
				CLANG_WARN_DOCUMENTATION_COMMENTS = YES;
				CLANG_WARN_EMPTY_BODY = YES;
				CLANG_WARN_ENUM_CONVERSION = YES;
				CLANG_WARN_INFINITE_RECURSION = YES;
				CLANG_WARN_INT_CONVERSION = YES;
				CLANG_WARN_NON_LITERAL_NULL_CONVERSION = YES;
				CLANG_WARN_OBJC_IMPLICIT_RETAIN_SELF = YES;
				CLANG_WARN_OBJC_LITERAL_CONVERSION = YES;
				CLANG_WARN_OBJC_ROOT_CLASS = YES_ERROR;
				CLANG_WARN_QUOTED_INCLUDE_IN_FRAMEWORK_HEADER = YES;
				CLANG_WARN_RANGE_LOOP_ANALYSIS = YES;
				CLANG_WARN_STRICT_PROTOTYPES = YES;
				CLANG_WARN_SUSPICIOUS_MOVE = YES;
				CLANG_WARN_UNGUARDED_AVAILABILITY = YES_AGGRESSIVE;
				CLANG_WARN_UNREACHABLE_CODE = YES;
				CLANG_WARN__DUPLICATE_METHOD_MATCH = YES;
				COPY_PHASE_STRIP = NO;
				DEBUG_INFORMATION_FORMAT = dwarf;
				ENABLE_STRICT_OBJC_MSGSEND = YES;
				ENABLE_TESTABILITY = YES;
				ENABLE_USER_SCRIPT_SANDBOXING = YES;
				GCC_C_LANGUAGE_STANDARD = gnu17;
				GCC_DYNAMIC_NO_PIC = NO;
				GCC_NO_COMMON_BLOCKS = YES;
				GCC_OPTIMIZATION_LEVEL = 0;
				GCC_PREPROCESSOR_DEFINITIONS = (
					"DEBUG=1",
					"$(inherited)",
				);
				GCC_WARN_64_TO_32_BIT_CONVERSION = YES;
				GCC_WARN_ABOUT_RETURN_TYPE = YES_ERROR;
				GCC_WARN_UNDECLARED_SELECTOR = YES;
				GCC_WARN_UNINITIALIZED_AUTOS = YES_AGGRESSIVE;
				GCC_WARN_UNUSED_FUNCTION = YES;
				GCC_WARN_UNUSED_VARIABLE = YES;
				IPHONEOS_DEPLOYMENT_TARGET = 17.4;
				LOCALIZATION_PREFERS_STRING_CATALOGS = YES;
				MTL_ENABLE_DEBUG_INFO = INCLUDE_SOURCE;
				MTL_FAST_MATH = YES;
				ONLY_ACTIVE_ARCH = YES;
				SDKROOT = iphoneos;
				SWIFT_ACTIVE_COMPILATION_CONDITIONS = "DEBUG $(inherited)";
				SWIFT_OPTIMIZATION_LEVEL = "-Onone";
			};
			name = Debug;
		};
		946D0CB42BF1C203005AAB40 /* Release */ = {
			isa = XCBuildConfiguration;
			buildSettings = {
				ALWAYS_SEARCH_USER_PATHS = NO;
				ASSETCATALOG_COMPILER_GENERATE_SWIFT_ASSET_SYMBOL_EXTENSIONS = YES;
				CLANG_ANALYZER_NONNULL = YES;
				CLANG_ANALYZER_NUMBER_OBJECT_CONVERSION = YES_AGGRESSIVE;
				CLANG_CXX_LANGUAGE_STANDARD = "gnu++20";
				CLANG_ENABLE_MODULES = YES;
				CLANG_ENABLE_OBJC_ARC = YES;
				CLANG_ENABLE_OBJC_WEAK = YES;
				CLANG_WARN_BLOCK_CAPTURE_AUTORELEASING = YES;
				CLANG_WARN_BOOL_CONVERSION = YES;
				CLANG_WARN_COMMA = YES;
				CLANG_WARN_CONSTANT_CONVERSION = YES;
				CLANG_WARN_DEPRECATED_OBJC_IMPLEMENTATIONS = YES;
				CLANG_WARN_DIRECT_OBJC_ISA_USAGE = YES_ERROR;
				CLANG_WARN_DOCUMENTATION_COMMENTS = YES;
				CLANG_WARN_EMPTY_BODY = YES;
				CLANG_WARN_ENUM_CONVERSION = YES;
				CLANG_WARN_INFINITE_RECURSION = YES;
				CLANG_WARN_INT_CONVERSION = YES;
				CLANG_WARN_NON_LITERAL_NULL_CONVERSION = YES;
				CLANG_WARN_OBJC_IMPLICIT_RETAIN_SELF = YES;
				CLANG_WARN_OBJC_LITERAL_CONVERSION = YES;
				CLANG_WARN_OBJC_ROOT_CLASS = YES_ERROR;
				CLANG_WARN_QUOTED_INCLUDE_IN_FRAMEWORK_HEADER = YES;
				CLANG_WARN_RANGE_LOOP_ANALYSIS = YES;
				CLANG_WARN_STRICT_PROTOTYPES = YES;
				CLANG_WARN_SUSPICIOUS_MOVE = YES;
				CLANG_WARN_UNGUARDED_AVAILABILITY = YES_AGGRESSIVE;
				CLANG_WARN_UNREACHABLE_CODE = YES;
				CLANG_WARN__DUPLICATE_METHOD_MATCH = YES;
				COPY_PHASE_STRIP = NO;
				DEBUG_INFORMATION_FORMAT = "dwarf-with-dsym";
				ENABLE_NS_ASSERTIONS = NO;
				ENABLE_STRICT_OBJC_MSGSEND = YES;
				ENABLE_USER_SCRIPT_SANDBOXING = YES;
				GCC_C_LANGUAGE_STANDARD = gnu17;
				GCC_NO_COMMON_BLOCKS = YES;
				GCC_WARN_64_TO_32_BIT_CONVERSION = YES;
				GCC_WARN_ABOUT_RETURN_TYPE = YES_ERROR;
				GCC_WARN_UNDECLARED_SELECTOR = YES;
				GCC_WARN_UNINITIALIZED_AUTOS = YES_AGGRESSIVE;
				GCC_WARN_UNUSED_FUNCTION = YES;
				GCC_WARN_UNUSED_VARIABLE = YES;
				IPHONEOS_DEPLOYMENT_TARGET = 17.4;
				LOCALIZATION_PREFERS_STRING_CATALOGS = YES;
				MTL_ENABLE_DEBUG_INFO = NO;
				MTL_FAST_MATH = YES;
				SDKROOT = iphoneos;
				SWIFT_COMPILATION_MODE = wholemodule;
				VALIDATE_PRODUCT = YES;
			};
			name = Release;
		};
		946D0CB62BF1C203005AAB40 /* Debug */ = {
			isa = XCBuildConfiguration;
			baseConfigurationReference = D9116DCC6CC3C2DDE86CCAAC /* Pods-todolist.debug.xcconfig */;
			buildSettings = {
				ASSETCATALOG_COMPILER_APPICON_NAME = AppIcon;
				ASSETCATALOG_COMPILER_GLOBAL_ACCENT_COLOR_NAME = AccentColor;
				CODE_SIGN_STYLE = Automatic;
				CURRENT_PROJECT_VERSION = 1;
				DEVELOPMENT_ASSET_PATHS = "\"todolist/Preview Content\"";
				DEVELOPMENT_TEAM = SXKVW7GKCW;
				ENABLE_PREVIEWS = YES;
				ENABLE_USER_SCRIPT_SANDBOXING = NO;
				GENERATE_INFOPLIST_FILE = YES;
				INFOPLIST_KEY_CFBundleDisplayName = "Yearly Ambitions";
				INFOPLIST_KEY_UIApplicationSceneManifest_Generation = YES;
				INFOPLIST_KEY_UIApplicationSupportsIndirectInputEvents = YES;
				INFOPLIST_KEY_UILaunchScreen_Generation = YES;
				INFOPLIST_KEY_UISupportedInterfaceOrientations_iPad = "UIInterfaceOrientationPortrait UIInterfaceOrientationPortraitUpsideDown UIInterfaceOrientationLandscapeLeft UIInterfaceOrientationLandscapeRight";
				INFOPLIST_KEY_UISupportedInterfaceOrientations_iPhone = "UIInterfaceOrientationPortrait UIInterfaceOrientationLandscapeLeft UIInterfaceOrientationLandscapeRight";
				IPHONEOS_DEPLOYMENT_TARGET = 16.0;
				LD_RUNPATH_SEARCH_PATHS = (
					"$(inherited)",
					"@executable_path/Frameworks",
				);
				MARKETING_VERSION = 1.0;
				PRODUCT_BUNDLE_IDENTIFIER = edwardlauv.todolist;
				PRODUCT_NAME = "$(TARGET_NAME)";
				SWIFT_EMIT_LOC_STRINGS = YES;
				SWIFT_VERSION = 5.0;
				TARGETED_DEVICE_FAMILY = "1,2";
			};
			name = Debug;
		};
		946D0CB72BF1C203005AAB40 /* Release */ = {
			isa = XCBuildConfiguration;
			baseConfigurationReference = EA516DE57A206EABE267BA45 /* Pods-todolist.release.xcconfig */;
			buildSettings = {
				ASSETCATALOG_COMPILER_APPICON_NAME = AppIcon;
				ASSETCATALOG_COMPILER_GLOBAL_ACCENT_COLOR_NAME = AccentColor;
				CODE_SIGN_STYLE = Automatic;
				CURRENT_PROJECT_VERSION = 1;
				DEVELOPMENT_ASSET_PATHS = "\"todolist/Preview Content\"";
				DEVELOPMENT_TEAM = SXKVW7GKCW;
				ENABLE_PREVIEWS = YES;
				ENABLE_USER_SCRIPT_SANDBOXING = NO;
				GENERATE_INFOPLIST_FILE = YES;
				INFOPLIST_KEY_CFBundleDisplayName = "Yearly Ambitions";
				INFOPLIST_KEY_UIApplicationSceneManifest_Generation = YES;
				INFOPLIST_KEY_UIApplicationSupportsIndirectInputEvents = YES;
				INFOPLIST_KEY_UILaunchScreen_Generation = YES;
				INFOPLIST_KEY_UISupportedInterfaceOrientations_iPad = "UIInterfaceOrientationPortrait UIInterfaceOrientationPortraitUpsideDown UIInterfaceOrientationLandscapeLeft UIInterfaceOrientationLandscapeRight";
				INFOPLIST_KEY_UISupportedInterfaceOrientations_iPhone = "UIInterfaceOrientationPortrait UIInterfaceOrientationLandscapeLeft UIInterfaceOrientationLandscapeRight";
				IPHONEOS_DEPLOYMENT_TARGET = 16.0;
				LD_RUNPATH_SEARCH_PATHS = (
					"$(inherited)",
					"@executable_path/Frameworks",
				);
				MARKETING_VERSION = 1.0;
				PRODUCT_BUNDLE_IDENTIFIER = edwardlauv.todolist;
				PRODUCT_NAME = "$(TARGET_NAME)";
				SWIFT_EMIT_LOC_STRINGS = YES;
				SWIFT_VERSION = 5.0;
				TARGETED_DEVICE_FAMILY = "1,2";
			};
			name = Release;
		};
/* End XCBuildConfiguration section */

/* Begin XCConfigurationList section */
		946D0CA22BF1C202005AAB40 /* Build configuration list for PBXProject "todolist" */ = {
			isa = XCConfigurationList;
			buildConfigurations = (
				946D0CB32BF1C203005AAB40 /* Debug */,
				946D0CB42BF1C203005AAB40 /* Release */,
			);
			defaultConfigurationIsVisible = 0;
			defaultConfigurationName = Release;
		};
		946D0CB52BF1C203005AAB40 /* Build configuration list for PBXNativeTarget "todolist" */ = {
			isa = XCConfigurationList;
			buildConfigurations = (
				946D0CB62BF1C203005AAB40 /* Debug */,
				946D0CB72BF1C203005AAB40 /* Release */,
			);
			defaultConfigurationIsVisible = 0;
			defaultConfigurationName = Release;
		};
/* End XCConfigurationList section */
	};
	rootObject = 946D0C9F2BF1C202005AAB40 /* Project object */;
}
